// !$*UTF8*$!
{
	archiveVersion = 1;
	classes = {
	};
	objectVersion = 46;
	objects = {

/* Begin PBXBuildFile section */
		7C1A48251E4AACCD0090D1C2 /* AppDelegate.swift in Sources */ = {isa = PBXBuildFile; fileRef = 7C1A48241E4AACCD0090D1C2 /* AppDelegate.swift */; };
		7C1A48271E4AACCD0090D1C2 /* ViewController.swift in Sources */ = {isa = PBXBuildFile; fileRef = 7C1A48261E4AACCD0090D1C2 /* ViewController.swift */; };
		7C1A482A1E4AACCD0090D1C2 /* Main.storyboard in Resources */ = {isa = PBXBuildFile; fileRef = 7C1A48281E4AACCD0090D1C2 /* Main.storyboard */; };
		7C1A482C1E4AACCD0090D1C2 /* Assets.xcassets in Resources */ = {isa = PBXBuildFile; fileRef = 7C1A482B1E4AACCD0090D1C2 /* Assets.xcassets */; };
		7C1A482F1E4AACCD0090D1C2 /* LaunchScreen.storyboard in Resources */ = {isa = PBXBuildFile; fileRef = 7C1A482D1E4AACCD0090D1C2 /* LaunchScreen.storyboard */; };
		7C1A48371E4AACFF0090D1C2 /* Stack.swift in Sources */ = {isa = PBXBuildFile; fileRef = 7C1A48361E4AACFF0090D1C2 /* Stack.swift */; };
		7C1A483E1E4AFBBE0090D1C2 /* TextFieldHelper.swift in Sources */ = {isa = PBXBuildFile; fileRef = 7C1A483D1E4AFBBE0090D1C2 /* TextFieldHelper.swift */; };
		7C1A48401E4B44B70090D1C2 /* COPYING in Resources */ = {isa = PBXBuildFile; fileRef = 7C1A483F1E4B44B70090D1C2 /* COPYING */; };
/* End PBXBuildFile section */

/* Begin PBXFileReference section */
		7C1A48211E4AACCD0090D1C2 /* Stack Test.app */ = {isa = PBXFileReference; explicitFileType = wrapper.application; includeInIndex = 0; path = "Stack Test.app"; sourceTree = BUILT_PRODUCTS_DIR; };
		7C1A48241E4AACCD0090D1C2 /* AppDelegate.swift */ = {isa = PBXFileReference; lastKnownFileType = sourcecode.swift; path = AppDelegate.swift; sourceTree = "<group>"; };
		7C1A48261E4AACCD0090D1C2 /* ViewController.swift */ = {isa = PBXFileReference; lastKnownFileType = sourcecode.swift; path = ViewController.swift; sourceTree = "<group>"; };
		7C1A48291E4AACCD0090D1C2 /* Base */ = {isa = PBXFileReference; lastKnownFileType = file.storyboard; name = Base; path = Base.lproj/Main.storyboard; sourceTree = "<group>"; };
		7C1A482B1E4AACCD0090D1C2 /* Assets.xcassets */ = {isa = PBXFileReference; lastKnownFileType = folder.assetcatalog; path = Assets.xcassets; sourceTree = "<group>"; };
		7C1A482E1E4AACCD0090D1C2 /* Base */ = {isa = PBXFileReference; lastKnownFileType = file.storyboard; name = Base; path = Base.lproj/LaunchScreen.storyboard; sourceTree = "<group>"; };
		7C1A48301E4AACCD0090D1C2 /* Info.plist */ = {isa = PBXFileReference; lastKnownFileType = text.plist.xml; path = Info.plist; sourceTree = "<group>"; };
		7C1A48361E4AACFF0090D1C2 /* Stack.swift */ = {isa = PBXFileReference; fileEncoding = 4; lastKnownFileType = sourcecode.swift; path = Stack.swift; sourceTree = "<group>"; };
		7C1A483D1E4AFBBE0090D1C2 /* TextFieldHelper.swift */ = {isa = PBXFileReference; fileEncoding = 4; lastKnownFileType = sourcecode.swift; path = TextFieldHelper.swift; sourceTree = "<group>"; };
		7C1A483F1E4B44B70090D1C2 /* COPYING */ = {isa = PBXFileReference; fileEncoding = 4; lastKnownFileType = text; path = COPYING; sourceTree = "<group>"; };
/* End PBXFileReference section */

/* Begin PBXFrameworksBuildPhase section */
		7C1A481E1E4AACCD0090D1C2 /* Frameworks */ = {
			isa = PBXFrameworksBuildPhase;
			buildActionMask = 2147483647;
			files = (
			);
			runOnlyForDeploymentPostprocessing = 0;
		};
/* End PBXFrameworksBuildPhase section */

/* Begin PBXGroup section */
		7C1A48181E4AACCD0090D1C2 = {
			isa = PBXGroup;
			children = (
				7C1A483F1E4B44B70090D1C2 /* COPYING */,
				7C1A48231E4AACCD0090D1C2 /* Stack Test */,
				7C1A48221E4AACCD0090D1C2 /* Products */,
			);
			sourceTree = "<group>";
		};
		7C1A48221E4AACCD0090D1C2 /* Products */ = {
			isa = PBXGroup;
			children = (
				7C1A48211E4AACCD0090D1C2 /* Stack Test.app */,
			);
			name = Products;
			sourceTree = "<group>";
		};
		7C1A48231E4AACCD0090D1C2 /* Stack Test */ = {
			isa = PBXGroup;
			children = (
				7C1A483C1E4AF4150090D1C2 /* Storyboards */,
				7C1A483B1E4AF40C0090D1C2 /* Resources */,
				7C1A483A1E4AF4020090D1C2 /* Delegates */,
				7C1A48391E4AF3FC0090D1C2 /* Views */,
				7C1A48381E4AF3F50090D1C2 /* Classes */,
			);
			path = "Stack Test";
			sourceTree = "<group>";
		};
		7C1A48381E4AF3F50090D1C2 /* Classes */ = {
			isa = PBXGroup;
			children = (
				7C1A48361E4AACFF0090D1C2 /* Stack.swift */,
				7C1A483D1E4AFBBE0090D1C2 /* TextFieldHelper.swift */,
			);
			name = Classes;
			sourceTree = "<group>";
		};
		7C1A48391E4AF3FC0090D1C2 /* Views */ = {
			isa = PBXGroup;
			children = (
				7C1A48261E4AACCD0090D1C2 /* ViewController.swift */,
			);
			name = Views;
			sourceTree = "<group>";
		};
		7C1A483A1E4AF4020090D1C2 /* Delegates */ = {
			isa = PBXGroup;
			children = (
				7C1A48241E4AACCD0090D1C2 /* AppDelegate.swift */,
			);
			name = Delegates;
			sourceTree = "<group>";
		};
		7C1A483B1E4AF40C0090D1C2 /* Resources */ = {
			isa = PBXGroup;
			children = (
				7C1A48301E4AACCD0090D1C2 /* Info.plist */,
				7C1A482B1E4AACCD0090D1C2 /* Assets.xcassets */,
			);
			name = Resources;
			sourceTree = "<group>";
		};
		7C1A483C1E4AF4150090D1C2 /* Storyboards */ = {
			isa = PBXGroup;
			children = (
				7C1A482D1E4AACCD0090D1C2 /* LaunchScreen.storyboard */,
				7C1A48281E4AACCD0090D1C2 /* Main.storyboard */,
			);
			name = Storyboards;
			sourceTree = "<group>";
		};
/* End PBXGroup section */

/* Begin PBXNativeTarget section */
		7C1A48201E4AACCD0090D1C2 /* Stack Test */ = {
			isa = PBXNativeTarget;
			buildConfigurationList = 7C1A48331E4AACCD0090D1C2 /* Build configuration list for PBXNativeTarget "Stack Test" */;
			buildPhases = (
				7C1A481D1E4AACCD0090D1C2 /* Sources */,
				7C1A481E1E4AACCD0090D1C2 /* Frameworks */,
				7C1A481F1E4AACCD0090D1C2 /* Resources */,
			);
			buildRules = (
			);
			dependencies = (
			);
			name = "Stack Test";
			productName = "Stack Test";
			productReference = 7C1A48211E4AACCD0090D1C2 /* Stack Test.app */;
			productType = "com.apple.product-type.application";
		};
/* End PBXNativeTarget section */

/* Begin PBXProject section */
		7C1A48191E4AACCD0090D1C2 /* Project object */ = {
			isa = PBXProject;
			attributes = {
				LastSwiftUpdateCheck = 0820;
				LastUpgradeCheck = 0820;
				ORGANIZATIONNAME = "Hunter Stanton";
				TargetAttributes = {
					7C1A48201E4AACCD0090D1C2 = {
						CreatedOnToolsVersion = 8.2;
						ProvisioningStyle = Automatic;
					};
				};
			};
			buildConfigurationList = 7C1A481C1E4AACCD0090D1C2 /* Build configuration list for PBXProject "Stack Test" */;
			compatibilityVersion = "Xcode 3.2";
			developmentRegion = English;
			hasScannedForEncodings = 0;
			knownRegions = (
				en,
				Base,
			);
			mainGroup = 7C1A48181E4AACCD0090D1C2;
			productRefGroup = 7C1A48221E4AACCD0090D1C2 /* Products */;
			projectDirPath = "";
			projectRoot = "";
			targets = (
				7C1A48201E4AACCD0090D1C2 /* Stack Test */,
			);
		};
/* End PBXProject section */

/* Begin PBXResourcesBuildPhase section */
		7C1A481F1E4AACCD0090D1C2 /* Resources */ = {
			isa = PBXResourcesBuildPhase;
			buildActionMask = 2147483647;
			files = (
				7C1A48401E4B44B70090D1C2 /* COPYING in Resources */,
				7C1A482F1E4AACCD0090D1C2 /* LaunchScreen.storyboard in Resources */,
				7C1A482C1E4AACCD0090D1C2 /* Assets.xcassets in Resources */,
				7C1A482A1E4AACCD0090D1C2 /* Main.storyboard in Resources */,
			);
			runOnlyForDeploymentPostprocessing = 0;
		};
/* End PBXResourcesBuildPhase section */

/* Begin PBXSourcesBuildPhase section */
		7C1A481D1E4AACCD0090D1C2 /* Sources */ = {
			isa = PBXSourcesBuildPhase;
			buildActionMask = 2147483647;
			files = (
				7C1A48271E4AACCD0090D1C2 /* ViewController.swift in Sources */,
				7C1A483E1E4AFBBE0090D1C2 /* TextFieldHelper.swift in Sources */,
				7C1A48371E4AACFF0090D1C2 /* Stack.swift in Sources */,
				7C1A48251E4AACCD0090D1C2 /* AppDelegate.swift in Sources */,
			);
			runOnlyForDeploymentPostprocessing = 0;
		};
/* End PBXSourcesBuildPhase section */

/* Begin PBXVariantGroup section */
		7C1A48281E4AACCD0090D1C2 /* Main.storyboard */ = {
			isa = PBXVariantGroup;
			children = (
				7C1A48291E4AACCD0090D1C2 /* Base */,
			);
			name = Main.storyboard;
			sourceTree = "<group>";
		};
		7C1A482D1E4AACCD0090D1C2 /* LaunchScreen.storyboard */ = {
			isa = PBXVariantGroup;
			children = (
				7C1A482E1E4AACCD0090D1C2 /* Base */,
			);
			name = LaunchScreen.storyboard;
			sourceTree = "<group>";
		};
/* End PBXVariantGroup section */

/* Begin XCBuildConfiguration section */
		7C1A48311E4AACCD0090D1C2 /* Debug */ = {
			isa = XCBuildConfiguration;
			buildSettings = {
				ALWAYS_SEARCH_USER_PATHS = NO;
				CLANG_ANALYZER_NONNULL = YES;
				CLANG_CXX_LANGUAGE_STANDARD = "gnu++0x";
				CLANG_CXX_LIBRARY = "libc++";
				CLANG_ENABLE_MODULES = YES;
				CLANG_ENABLE_OBJC_ARC = YES;
				CLANG_WARN_BOOL_CONVERSION = YES;
				CLANG_WARN_CONSTANT_CONVERSION = YES;
				CLANG_WARN_DIRECT_OBJC_ISA_USAGE = YES_ERROR;
				CLANG_WARN_DOCUMENTATION_COMMENTS = YES;
				CLANG_WARN_EMPTY_BODY = YES;
				CLANG_WARN_ENUM_CONVERSION = YES;
				CLANG_WARN_INFINITE_RECURSION = YES;
				CLANG_WARN_INT_CONVERSION = YES;
				CLANG_WARN_OBJC_ROOT_CLASS = YES_ERROR;
				CLANG_WARN_SUSPICIOUS_MOVE = YES;
				CLANG_WARN_UNREACHABLE_CODE = YES;
				CLANG_WARN__DUPLICATE_METHOD_MATCH = YES;
				"CODE_SIGN_IDENTITY[sdk=iphoneos*]" = "iPhone Developer";
				COPY_PHASE_STRIP = NO;
				DEBUG_INFORMATION_FORMAT = dwarf;
				ENABLE_STRICT_OBJC_MSGSEND = YES;
				ENABLE_TESTABILITY = YES;
				GCC_C_LANGUAGE_STANDARD = gnu99;
				GCC_DYNAMIC_NO_PIC = NO;
				GCC_NO_COMMON_BLOCKS = YES;
				GCC_OPTIMIZATION_LEVEL = 0;
				GCC_PREPROCESSOR_DEFINITIONS = (
					"DEBUG=1",
					"$(inherited)",
				);
				GCC_WARN_64_TO_32_BIT_CONVERSION = YES;
				GCC_WARN_ABOUT_RETURN_TYPE = YES_ERROR;
				GCC_WARN_UNDECLARED_SELECTOR = YES;
				GCC_WARN_UNINITIALIZED_AUTOS = YES_AGGRESSIVE;
				GCC_WARN_UNUSED_FUNCTION = YES;
				GCC_WARN_UNUSED_VARIABLE = YES;
				IPHONEOS_DEPLOYMENT_TARGET = 10.2;
				MTL_ENABLE_DEBUG_INFO = YES;
				ONLY_ACTIVE_ARCH = YES;
				SDKROOT = iphoneos;
				SWIFT_ACTIVE_COMPILATION_CONDITIONS = DEBUG;
				SWIFT_OPTIMIZATION_LEVEL = "-Onone";
				TARGETED_DEVICE_FAMILY = "1,2";
			};
			name = Debug;
		};
		7C1A48321E4AACCD0090D1C2 /* Release */ = {
			isa = XCBuildConfiguration;
			buildSettings = {
				ALWAYS_SEARCH_USER_PATHS = NO;
				CLANG_ANALYZER_NONNULL = YES;
				CLANG_CXX_LANGUAGE_STANDARD = "gnu++0x";
				CLANG_CXX_LIBRARY = "libc++";
				CLANG_ENABLE_MODULES = YES;
				CLANG_ENABLE_OBJC_ARC = YES;
				CLANG_WARN_BOOL_CONVERSION = YES;
				CLANG_WARN_CONSTANT_CONVERSION = YES;
				CLANG_WARN_DIRECT_OBJC_ISA_USAGE = YES_ERROR;
				CLANG_WARN_DOCUMENTATION_COMMENTS = YES;
				CLANG_WARN_EMPTY_BODY = YES;
				CLANG_WARN_ENUM_CONVERSION = YES;
				CLANG_WARN_INFINITE_RECURSION = YES;
				CLANG_WARN_INT_CONVERSION = YES;
				CLANG_WARN_OBJC_ROOT_CLASS = YES_ERROR;
				CLANG_WARN_SUSPICIOUS_MOVE = YES;
				CLANG_WARN_UNREACHABLE_CODE = YES;
				CLANG_WARN__DUPLICATE_METHOD_MATCH = YES;
				"CODE_SIGN_IDENTITY[sdk=iphoneos*]" = "iPhone Developer";
				COPY_PHASE_STRIP = NO;
				DEBUG_INFORMATION_FORMAT = "dwarf-with-dsym";
				ENABLE_NS_ASSERTIONS = NO;
				ENABLE_STRICT_OBJC_MSGSEND = YES;
				GCC_C_LANGUAGE_STANDARD = gnu99;
				GCC_NO_COMMON_BLOCKS = YES;
				GCC_WARN_64_TO_32_BIT_CONVERSION = YES;
				GCC_WARN_ABOUT_RETURN_TYPE = YES_ERROR;
				GCC_WARN_UNDECLARED_SELECTOR = YES;
				GCC_WARN_UNINITIALIZED_AUTOS = YES_AGGRESSIVE;
				GCC_WARN_UNUSED_FUNCTION = YES;
				GCC_WARN_UNUSED_VARIABLE = YES;
				IPHONEOS_DEPLOYMENT_TARGET = 10.2;
				MTL_ENABLE_DEBUG_INFO = NO;
				SDKROOT = iphoneos;
				SWIFT_OPTIMIZATION_LEVEL = "-Owholemodule";
				TARGETED_DEVICE_FAMILY = "1,2";
				VALIDATE_PRODUCT = YES;
			};
			name = Release;
		};
		7C1A48341E4AACCD0090D1C2 /* Debug */ = {
			isa = XCBuildConfiguration;
			buildSettings = {
				ASSETCATALOG_COMPILER_APPICON_NAME = AppIcon;
				INFOPLIST_FILE = "Stack Test/Info.plist";
				IPHONEOS_DEPLOYMENT_TARGET = 9.0;
				LD_RUNPATH_SEARCH_PATHS = "$(inherited) @executable_path/Frameworks";
				PRODUCT_BUNDLE_IDENTIFIER = "com.HunterStanton.Stack-Test";
				PRODUCT_NAME = "$(TARGET_NAME)";
				SWIFT_VERSION = 3.0;
			};
			name = Debug;
		};
		7C1A48351E4AACCD0090D1C2 /* Release */ = {
			isa = XCBuildConfiguration;
			buildSettings = {
				ASSETCATALOG_COMPILER_APPICON_NAME = AppIcon;
				INFOPLIST_FILE = "Stack Test/Info.plist";
				IPHONEOS_DEPLOYMENT_TARGET = 9.0;
				LD_RUNPATH_SEARCH_PATHS = "$(inherited) @executable_path/Frameworks";
				PRODUCT_BUNDLE_IDENTIFIER = "com.HunterStanton.Stack-Test";
				PRODUCT_NAME = "$(TARGET_NAME)";
				SWIFT_VERSION = 3.0;
			};
			name = Release;
		};
/* End XCBuildConfiguration section */

/* Begin XCConfigurationList section */
		7C1A481C1E4AACCD0090D1C2 /* Build configuration list for PBXProject "Stack Test" */ = {
			isa = XCConfigurationList;
			buildConfigurations = (
				7C1A48311E4AACCD0090D1C2 /* Debug */,
				7C1A48321E4AACCD0090D1C2 /* Release */,
			);
			defaultConfigurationIsVisible = 0;
			defaultConfigurationName = Release;
		};
		7C1A48331E4AACCD0090D1C2 /* Build configuration list for PBXNativeTarget "Stack Test" */ = {
			isa = XCConfigurationList;
			buildConfigurations = (
				7C1A48341E4AACCD0090D1C2 /* Debug */,
				7C1A48351E4AACCD0090D1C2 /* Release */,
			);
			defaultConfigurationIsVisible = 0;
			defaultConfigurationName = Release;
		};
/* End XCConfigurationList section */
	};
	rootObject = 7C1A48191E4AACCD0090D1C2 /* Project object */;
}
